# This file was autogenerated by Stack.
# You should not edit this file by hand.
# For more information, please see the documentation at:
#   https://docs.haskellstack.org/en/stable/topics/lock_files

packages:
- completed:
    hackage: xmobar-0.50@sha256:69acf20731074012f01477525f67a2dc0fac141560e60f58663b45eff6d2ee86,15275
    pantry-tree:
      sha256: d6a41bb02e24f485147ee34e870cf4ab1dea279aff1188e0aae2569ddaf24957
      size: 9991
  original:
    hackage: xmobar-0.50
snapshots:
- completed:
    sha256: 4bc8e0388916c4000645c068dff642482d6ed1b68b747c2d4d444857979963e0
    size: 726334
    url: https://raw.githubusercontent.com/commercialhaskell/stackage-snapshots/master/lts/24/24.yaml
  original: lts-24.24
